
Microsoft Visual Studio Solution File, Format Version 12.00
# Visual Studio Version 16
VisualStudioVersion = 16.0.28315.86
MinimumVisualStudioVersion = 10.0.40219.1
Project("{FAE04EC0-301F-11D3-BF4B-00C04F79EFBC}") = "NCC-Hub.UWP", "NCC-Hub\NCC-Hub.UWP\NCC-Hub.UWP.csproj", "{2C23118D-D3D3-4301-B2AB-E34DDABEB38C}"
EndProject
Project("{FAE04EC0-301F-11D3-BF4B-00C04F79EFBC}") = "NCC-Hub.Android", "NCC-Hub\NCC-Hub.Android\NCC-Hub.Android.csproj", "{963287BB-59B5-4132-8970-D8E411393155}"
EndProject
Project("{FAE04EC0-301F-11D3-BF4B-00C04F79EFBC}") = "NCC-Hub.iOS", "NCC-Hub\NCC-Hub.iOS\NCC-Hub.iOS.csproj", "{7E215785-D4FC-4F35-9675-BCC9C7B068DD}"
EndProject
Project("{9A19103F-16F7-4668-BE54-9A1E7A4F7556}") = "NCC-Hub", "NCC-Hub\NCC-Hub\NCC-Hub.csproj", "{1074CC2D-E17A-4B71-B53C-E1B4CCBE024F}"
EndProject
Global
	GlobalSection(SolutionConfigurationPlatforms) = preSolution
		Ad-Hoc|Any CPU = Ad-Hoc|Any CPU
		Ad-Hoc|ARM = Ad-Hoc|ARM
		Ad-Hoc|iPhone = Ad-Hoc|iPhone
		Ad-Hoc|iPhoneSimulator = Ad-Hoc|iPhoneSimulator
		Ad-Hoc|x64 = Ad-Hoc|x64
		Ad-Hoc|x86 = Ad-Hoc|x86
		AppStore|Any CPU = AppStore|Any CPU
		AppStore|ARM = AppStore|ARM
		AppStore|iPhone = AppStore|iPhone
		AppStore|iPhoneSimulator = AppStore|iPhoneSimulator
		AppStore|x64 = AppStore|x64
		AppStore|x86 = AppStore|x86
		Debug|Any CPU = Debug|Any CPU
		Debug|ARM = Debug|ARM
		Debug|iPhone = Debug|iPhone
		Debug|iPhoneSimulator = Debug|iPhoneSimulator
		Debug|x64 = Debug|x64
		Debug|x86 = Debug|x86
		Release|Any CPU = Release|Any CPU
		Release|ARM = Release|ARM
		Release|iPhone = Release|iPhone
		Release|iPhoneSimulator = Release|iPhoneSimulator
		Release|x64 = Release|x64
		Release|x86 = Release|x86
	EndGlobalSection
	GlobalSection(ProjectConfigurationPlatforms) = postSolution
		{2C23118D-D3D3-4301-B2AB-E34DDABEB38C}.Ad-Hoc|Any CPU.ActiveCfg = Release|x86
		{2C23118D-D3D3-4301-B2AB-E34DDABEB38C}.Ad-Hoc|Any CPU.Build.0 = Release|x86
		{2C23118D-D3D3-4301-B2AB-E34DDABEB38C}.Ad-Hoc|Any CPU.Deploy.0 = Release|x86
		{2C23118D-D3D3-4301-B2AB-E34DDABEB38C}.Ad-Hoc|ARM.ActiveCfg = Release|ARM
		{2C23118D-D3D3-4301-B2AB-E34DDABEB38C}.Ad-Hoc|ARM.Build.0 = Release|ARM
		{2C23118D-D3D3-4301-B2AB-E34DDABEB38C}.Ad-Hoc|ARM.Deploy.0 = Release|ARM
		{2C23118D-D3D3-4301-B2AB-E34DDABEB38C}.Ad-Hoc|iPhone.ActiveCfg = Release|x86
		{2C23118D-D3D3-4301-B2AB-E34DDABEB38C}.Ad-Hoc|iPhone.Build.0 = Release|x86
		{2C23118D-D3D3-4301-B2AB-E34DDABEB38C}.Ad-Hoc|iPhone.Deploy.0 = Release|x86
		{2C23118D-D3D3-4301-B2AB-E34DDABEB38C}.Ad-Hoc|iPhoneSimulator.ActiveCfg = Release|x86
		{2C23118D-D3D3-4301-B2AB-E34DDABEB38C}.Ad-Hoc|iPhoneSimulator.Build.0 = Release|x86
		{2C23118D-D3D3-4301-B2AB-E34DDABEB38C}.Ad-Hoc|iPhoneSimulator.Deploy.0 = Release|x86
		{2C23118D-D3D3-4301-B2AB-E34DDABEB38C}.Ad-Hoc|x64.ActiveCfg = Release|x64
		{2C23118D-D3D3-4301-B2AB-E34DDABEB38C}.Ad-Hoc|x64.Build.0 = Release|x64
		{2C23118D-D3D3-4301-B2AB-E34DDABEB38C}.Ad-Hoc|x64.Deploy.0 = Release|x64
		{2C23118D-D3D3-4301-B2AB-E34DDABEB38C}.Ad-Hoc|x86.ActiveCfg = Release|x86
		{2C23118D-D3D3-4301-B2AB-E34DDABEB38C}.Ad-Hoc|x86.Build.0 = Release|x86
		{2C23118D-D3D3-4301-B2AB-E34DDABEB38C}.Ad-Hoc|x86.Deploy.0 = Release|x86
		{2C23118D-D3D3-4301-B2AB-E34DDABEB38C}.AppStore|Any CPU.ActiveCfg = Release|x86
		{2C23118D-D3D3-4301-B2AB-E34DDABEB38C}.AppStore|Any CPU.Build.0 = Release|x86
		{2C23118D-D3D3-4301-B2AB-E34DDABEB38C}.AppStore|Any CPU.Deploy.0 = Release|x86
		{2C23118D-D3D3-4301-B2AB-E34DDABEB38C}.AppStore|ARM.ActiveCfg = Release|ARM
		{2C23118D-D3D3-4301-B2AB-E34DDABEB38C}.AppStore|ARM.Build.0 = Release|ARM
		{2C23118D-D3D3-4301-B2AB-E34DDABEB38C}.AppStore|ARM.Deploy.0 = Release|ARM
		{2C23118D-D3D3-4301-B2AB-E34DDABEB38C}.AppStore|iPhone.ActiveCfg = Release|x86
		{2C23118D-D3D3-4301-B2AB-E34DDABEB38C}.AppStore|iPhone.Build.0 = Release|x86
		{2C23118D-D3D3-4301-B2AB-E34DDABEB38C}.AppStore|iPhone.Deploy.0 = Release|x86
		{2C23118D-D3D3-4301-B2AB-E34DDABEB38C}.AppStore|iPhoneSimulator.ActiveCfg = Release|x86
		{2C23118D-D3D3-4301-B2AB-E34DDABEB38C}.AppStore|iPhoneSimulator.Build.0 = Release|x86
		{2C23118D-D3D3-4301-B2AB-E34DDABEB38C}.AppStore|iPhoneSimulator.Deploy.0 = Release|x86
		{2C23118D-D3D3-4301-B2AB-E34DDABEB38C}.AppStore|x64.ActiveCfg = Release|x64
		{2C23118D-D3D3-4301-B2AB-E34DDABEB38C}.AppStore|x64.Build.0 = Release|x64
		{2C23118D-D3D3-4301-B2AB-E34DDABEB38C}.AppStore|x64.Deploy.0 = Release|x64
		{2C23118D-D3D3-4301-B2AB-E34DDABEB38C}.AppStore|x86.ActiveCfg = Release|x86
		{2C23118D-D3D3-4301-B2AB-E34DDABEB38C}.AppStore|x86.Build.0 = Release|x86
		{2C23118D-D3D3-4301-B2AB-E34DDABEB38C}.AppStore|x86.Deploy.0 = Release|x86
		{2C23118D-D3D3-4301-B2AB-E34DDABEB38C}.Debug|Any CPU.ActiveCfg = Debug|x86
		{2C23118D-D3D3-4301-B2AB-E34DDABEB38C}.Debug|Any CPU.Build.0 = Debug|x86
		{2C23118D-D3D3-4301-B2AB-E34DDABEB38C}.Debug|Any CPU.Deploy.0 = Debug|x86
		{2C23118D-D3D3-4301-B2AB-E34DDABEB38C}.Debug|ARM.ActiveCfg = Debug|ARM
		{2C23118D-D3D3-4301-B2AB-E34DDABEB38C}.Debug|ARM.Build.0 = Debug|ARM
		{2C23118D-D3D3-4301-B2AB-E34DDABEB38C}.Debug|ARM.Deploy.0 = Debug|ARM
		{2C23118D-D3D3-4301-B2AB-E34DDABEB38C}.Debug|iPhone.ActiveCfg = Debug|x86
		{2C23118D-D3D3-4301-B2AB-E34DDABEB38C}.Debug|iPhone.Build.0 = Debug|x86
		{2C23118D-D3D3-4301-B2AB-E34DDABEB38C}.Debug|iPhone.Deploy.0 = Debug|x86
		{2C23118D-D3D3-4301-B2AB-E34DDABEB38C}.Debug|iPhoneSimulator.ActiveCfg = Debug|x86
		{2C23118D-D3D3-4301-B2AB-E34DDABEB38C}.Debug|iPhoneSimulator.Build.0 = Debug|x86
		{2C23118D-D3D3-4301-B2AB-E34DDABEB38C}.Debug|iPhoneSimulator.Deploy.0 = Debug|x86
		{2C23118D-D3D3-4301-B2AB-E34DDABEB38C}.Debug|x64.ActiveCfg = Debug|x64
		{2C23118D-D3D3-4301-B2AB-E34DDABEB38C}.Debug|x64.Build.0 = Debug|x64
		{2C23118D-D3D3-4301-B2AB-E34DDABEB38C}.Debug|x64.Deploy.0 = Debug|x64
		{2C23118D-D3D3-4301-B2AB-E34DDABEB38C}.Debug|x86.ActiveCfg = Debug|x86
		{2C23118D-D3D3-4301-B2AB-E34DDABEB38C}.Debug|x86.Build.0 = Debug|x86
		{2C23118D-D3D3-4301-B2AB-E34DDABEB38C}.Debug|x86.Deploy.0 = Debug|x86
		{2C23118D-D3D3-4301-B2AB-E34DDABEB38C}.Release|Any CPU.ActiveCfg = Release|x86
		{2C23118D-D3D3-4301-B2AB-E34DDABEB38C}.Release|Any CPU.Build.0 = Release|x86
		{2C23118D-D3D3-4301-B2AB-E34DDABEB38C}.Release|Any CPU.Deploy.0 = Release|x86
		{2C23118D-D3D3-4301-B2AB-E34DDABEB38C}.Release|ARM.ActiveCfg = Release|ARM
		{2C23118D-D3D3-4301-B2AB-E34DDABEB38C}.Release|ARM.Build.0 = Release|ARM
		{2C23118D-D3D3-4301-B2AB-E34DDABEB38C}.Release|ARM.Deploy.0 = Release|ARM
		{2C23118D-D3D3-4301-B2AB-E34DDABEB38C}.Release|iPhone.ActiveCfg = Release|x86
		{2C23118D-D3D3-4301-B2AB-E34DDABEB38C}.Release|iPhone.Build.0 = Release|x86
		{2C23118D-D3D3-4301-B2AB-E34DDABEB38C}.Release|iPhone.Deploy.0 = Release|x86
		{2C23118D-D3D3-4301-B2AB-E34DDABEB38C}.Release|iPhoneSimulator.ActiveCfg = Release|x86
		{2C23118D-D3D3-4301-B2AB-E34DDABEB38C}.Release|iPhoneSimulator.Build.0 = Release|x86
		{2C23118D-D3D3-4301-B2AB-E34DDABEB38C}.Release|iPhoneSimulator.Deploy.0 = Release|x86
		{2C23118D-D3D3-4301-B2AB-E34DDABEB38C}.Release|x64.ActiveCfg = Release|x64
		{2C23118D-D3D3-4301-B2AB-E34DDABEB38C}.Release|x64.Build.0 = Release|x64
		{2C23118D-D3D3-4301-B2AB-E34DDABEB38C}.Release|x64.Deploy.0 = Release|x64
		{2C23118D-D3D3-4301-B2AB-E34DDABEB38C}.Release|x86.ActiveCfg = Release|x86
		{2C23118D-D3D3-4301-B2AB-E34DDABEB38C}.Release|x86.Build.0 = Release|x86
		{2C23118D-D3D3-4301-B2AB-E34DDABEB38C}.Release|x86.Deploy.0 = Release|x86
		{963287BB-59B5-4132-8970-D8E411393155}.Ad-Hoc|Any CPU.ActiveCfg = Release|Any CPU
		{963287BB-59B5-4132-8970-D8E411393155}.Ad-Hoc|Any CPU.Build.0 = Release|Any CPU
		{963287BB-59B5-4132-8970-D8E411393155}.Ad-Hoc|Any CPU.Deploy.0 = Release|Any CPU
		{963287BB-59B5-4132-8970-D8E411393155}.Ad-Hoc|ARM.ActiveCfg = Release|Any CPU
		{963287BB-59B5-4132-8970-D8E411393155}.Ad-Hoc|ARM.Build.0 = Release|Any CPU
		{963287BB-59B5-4132-8970-D8E411393155}.Ad-Hoc|ARM.Deploy.0 = Release|Any CPU
		{963287BB-59B5-4132-8970-D8E411393155}.Ad-Hoc|iPhone.ActiveCfg = Release|Any CPU
		{963287BB-59B5-4132-8970-D8E411393155}.Ad-Hoc|iPhone.Build.0 = Release|Any CPU
		{963287BB-59B5-4132-8970-D8E411393155}.Ad-Hoc|iPhone.Deploy.0 = Release|Any CPU
		{963287BB-59B5-4132-8970-D8E411393155}.Ad-Hoc|iPhoneSimulator.ActiveCfg = Release|Any CPU
		{963287BB-59B5-4132-8970-D8E411393155}.Ad-Hoc|iPhoneSimulator.Build.0 = Release|Any CPU
		{963287BB-59B5-4132-8970-D8E411393155}.Ad-Hoc|iPhoneSimulator.Deploy.0 = Release|Any CPU
		{963287BB-59B5-4132-8970-D8E411393155}.Ad-Hoc|x64.ActiveCfg = Release|Any CPU
		{963287BB-59B5-4132-8970-D8E411393155}.Ad-Hoc|x64.Build.0 = Release|Any CPU
		{963287BB-59B5-4132-8970-D8E411393155}.Ad-Hoc|x64.Deploy.0 = Release|Any CPU
		{963287BB-59B5-4132-8970-D8E411393155}.Ad-Hoc|x86.ActiveCfg = Release|Any CPU
		{963287BB-59B5-4132-8970-D8E411393155}.Ad-Hoc|x86.Build.0 = Release|Any CPU
		{963287BB-59B5-4132-8970-D8E411393155}.Ad-Hoc|x86.Deploy.0 = Release|Any CPU
		{963287BB-59B5-4132-8970-D8E411393155}.AppStore|Any CPU.ActiveCfg = Release|Any CPU
		{963287BB-59B5-4132-8970-D8E411393155}.AppStore|Any CPU.Build.0 = Release|Any CPU
		{963287BB-59B5-4132-8970-D8E411393155}.AppStore|Any CPU.Deploy.0 = Release|Any CPU
		{963287BB-59B5-4132-8970-D8E411393155}.AppStore|ARM.ActiveCfg = Release|Any CPU
		{963287BB-59B5-4132-8970-D8E411393155}.AppStore|ARM.Build.0 = Release|Any CPU
		{963287BB-59B5-4132-8970-D8E411393155}.AppStore|ARM.Deploy.0 = Release|Any CPU
		{963287BB-59B5-4132-8970-D8E411393155}.AppStore|iPhone.ActiveCfg = Release|Any CPU
		{963287BB-59B5-4132-8970-D8E411393155}.AppStore|iPhone.Build.0 = Release|Any CPU
		{963287BB-59B5-4132-8970-D8E411393155}.AppStore|iPhone.Deploy.0 = Release|Any CPU
		{963287BB-59B5-4132-8970-D8E411393155}.AppStore|iPhoneSimulator.ActiveCfg = Release|Any CPU
		{963287BB-59B5-4132-8970-D8E411393155}.AppStore|iPhoneSimulator.Build.0 = Release|Any CPU
		{963287BB-59B5-4132-8970-D8E411393155}.AppStore|iPhoneSimulator.Deploy.0 = Release|Any CPU
		{963287BB-59B5-4132-8970-D8E411393155}.AppStore|x64.ActiveCfg = Release|Any CPU
		{963287BB-59B5-4132-8970-D8E411393155}.AppStore|x64.Build.0 = Release|Any CPU
		{963287BB-59B5-4132-8970-D8E411393155}.AppStore|x64.Deploy.0 = Release|Any CPU
		{963287BB-59B5-4132-8970-D8E411393155}.AppStore|x86.ActiveCfg = Release|Any CPU
		{963287BB-59B5-4132-8970-D8E411393155}.AppStore|x86.Build.0 = Release|Any CPU
		{963287BB-59B5-4132-8970-D8E411393155}.AppStore|x86.Deploy.0 = Release|Any CPU
		{963287BB-59B5-4132-8970-D8E411393155}.Debug|Any CPU.ActiveCfg = Debug|Any CPU
		{963287BB-59B5-4132-8970-D8E411393155}.Debug|Any CPU.Build.0 = Debug|Any CPU
		{963287BB-59B5-4132-8970-D8E411393155}.Debug|Any CPU.Deploy.0 = Debug|Any CPU
		{963287BB-59B5-4132-8970-D8E411393155}.Debug|ARM.ActiveCfg = Debug|Any CPU
		{963287BB-59B5-4132-8970-D8E411393155}.Debug|ARM.Build.0 = Debug|Any CPU
		{963287BB-59B5-4132-8970-D8E411393155}.Debug|ARM.Deploy.0 = Debug|Any CPU
		{963287BB-59B5-4132-8970-D8E411393155}.Debug|iPhone.ActiveCfg = Debug|Any CPU
		{963287BB-59B5-4132-8970-D8E411393155}.Debug|iPhone.Build.0 = Debug|Any CPU
		{963287BB-59B5-4132-8970-D8E411393155}.Debug|iPhone.Deploy.0 = Debug|Any CPU
		{963287BB-59B5-4132-8970-D8E411393155}.Debug|iPhoneSimulator.ActiveCfg = Debug|Any CPU
		{963287BB-59B5-4132-8970-D8E411393155}.Debug|iPhoneSimulator.Build.0 = Debug|Any CPU
		{963287BB-59B5-4132-8970-D8E411393155}.Debug|iPhoneSimulator.Deploy.0 = Debug|Any CPU
		{963287BB-59B5-4132-8970-D8E411393155}.Debug|x64.ActiveCfg = Debug|Any CPU
		{963287BB-59B5-4132-8970-D8E411393155}.Debug|x64.Build.0 = Debug|Any CPU
		{963287BB-59B5-4132-8970-D8E411393155}.Debug|x64.Deploy.0 = Debug|Any CPU
		{963287BB-59B5-4132-8970-D8E411393155}.Debug|x86.ActiveCfg = Debug|Any CPU
		{963287BB-59B5-4132-8970-D8E411393155}.Debug|x86.Build.0 = Debug|Any CPU
		{963287BB-59B5-4132-8970-D8E411393155}.Debug|x86.Deploy.0 = Debug|Any CPU
		{963287BB-59B5-4132-8970-D8E411393155}.Release|Any CPU.ActiveCfg = Release|Any CPU
		{963287BB-59B5-4132-8970-D8E411393155}.Release|Any CPU.Build.0 = Release|Any CPU
		{963287BB-59B5-4132-8970-D8E411393155}.Release|Any CPU.Deploy.0 = Release|Any CPU
		{963287BB-59B5-4132-8970-D8E411393155}.Release|ARM.ActiveCfg = Release|Any CPU
		{963287BB-59B5-4132-8970-D8E411393155}.Release|ARM.Build.0 = Release|Any CPU
		{963287BB-59B5-4132-8970-D8E411393155}.Release|ARM.Deploy.0 = Release|Any CPU
		{963287BB-59B5-4132-8970-D8E411393155}.Release|iPhone.ActiveCfg = Release|Any CPU
		{963287BB-59B5-4132-8970-D8E411393155}.Release|iPhone.Build.0 = Release|Any CPU
		{963287BB-59B5-4132-8970-D8E411393155}.Release|iPhone.Deploy.0 = Release|Any CPU
		{963287BB-59B5-4132-8970-D8E411393155}.Release|iPhoneSimulator.ActiveCfg = Release|Any CPU
		{963287BB-59B5-4132-8970-D8E411393155}.Release|iPhoneSimulator.Build.0 = Release|Any CPU
		{963287BB-59B5-4132-8970-D8E411393155}.Release|iPhoneSimulator.Deploy.0 = Release|Any CPU
		{963287BB-59B5-4132-8970-D8E411393155}.Release|x64.ActiveCfg = Release|Any CPU
		{963287BB-59B5-4132-8970-D8E411393155}.Release|x64.Build.0 = Release|Any CPU
		{963287BB-59B5-4132-8970-D8E411393155}.Release|x64.Deploy.0 = Release|Any CPU
		{963287BB-59B5-4132-8970-D8E411393155}.Release|x86.ActiveCfg = Release|Any CPU
		{963287BB-59B5-4132-8970-D8E411393155}.Release|x86.Build.0 = Release|Any CPU
		{963287BB-59B5-4132-8970-D8E411393155}.Release|x86.Deploy.0 = Release|Any CPU
		{7E215785-D4FC-4F35-9675-BCC9C7B068DD}.Ad-Hoc|Any CPU.ActiveCfg = Ad-Hoc|iPhone
		{7E215785-D4FC-4F35-9675-BCC9C7B068DD}.Ad-Hoc|Any CPU.Build.0 = Ad-Hoc|iPhone
		{7E215785-D4FC-4F35-9675-BCC9C7B068DD}.Ad-Hoc|Any CPU.Deploy.0 = Ad-Hoc|iPhone
		{7E215785-D4FC-4F35-9675-BCC9C7B068DD}.Ad-Hoc|ARM.ActiveCfg = Ad-Hoc|iPhone
		{7E215785-D4FC-4F35-9675-BCC9C7B068DD}.Ad-Hoc|ARM.Build.0 = Ad-Hoc|iPhone
		{7E215785-D4FC-4F35-9675-BCC9C7B068DD}.Ad-Hoc|ARM.Deploy.0 = Ad-Hoc|iPhone
		{7E215785-D4FC-4F35-9675-BCC9C7B068DD}.Ad-Hoc|iPhone.ActiveCfg = Ad-Hoc|iPhone
		{7E215785-D4FC-4F35-9675-BCC9C7B068DD}.Ad-Hoc|iPhone.Build.0 = Ad-Hoc|iPhone
		{7E215785-D4FC-4F35-9675-BCC9C7B068DD}.Ad-Hoc|iPhone.Deploy.0 = Ad-Hoc|iPhone
		{7E215785-D4FC-4F35-9675-BCC9C7B068DD}.Ad-Hoc|iPhoneSimulator.ActiveCfg = Ad-Hoc|iPhoneSimulator
		{7E215785-D4FC-4F35-9675-BCC9C7B068DD}.Ad-Hoc|iPhoneSimulator.Build.0 = Ad-Hoc|iPhoneSimulator
		{7E215785-D4FC-4F35-9675-BCC9C7B068DD}.Ad-Hoc|iPhoneSimulator.Deploy.0 = Ad-Hoc|iPhoneSimulator
		{7E215785-D4FC-4F35-9675-BCC9C7B068DD}.Ad-Hoc|x64.ActiveCfg = Ad-Hoc|iPhone
		{7E215785-D4FC-4F35-9675-BCC9C7B068DD}.Ad-Hoc|x64.Build.0 = Ad-Hoc|iPhone
		{7E215785-D4FC-4F35-9675-BCC9C7B068DD}.Ad-Hoc|x64.Deploy.0 = Ad-Hoc|iPhone
		{7E215785-D4FC-4F35-9675-BCC9C7B068DD}.Ad-Hoc|x86.ActiveCfg = Ad-Hoc|iPhone
		{7E215785-D4FC-4F35-9675-BCC9C7B068DD}.Ad-Hoc|x86.Build.0 = Ad-Hoc|iPhone
		{7E215785-D4FC-4F35-9675-BCC9C7B068DD}.Ad-Hoc|x86.Deploy.0 = Ad-Hoc|iPhone
		{7E215785-D4FC-4F35-9675-BCC9C7B068DD}.AppStore|Any CPU.ActiveCfg = AppStore|iPhone
		{7E215785-D4FC-4F35-9675-BCC9C7B068DD}.AppStore|Any CPU.Build.0 = AppStore|iPhone
		{7E215785-D4FC-4F35-9675-BCC9C7B068DD}.AppStore|Any CPU.Deploy.0 = AppStore|iPhone
		{7E215785-D4FC-4F35-9675-BCC9C7B068DD}.AppStore|ARM.ActiveCfg = AppStore|iPhone
		{7E215785-D4FC-4F35-9675-BCC9C7B068DD}.AppStore|ARM.Build.0 = AppStore|iPhone
		{7E215785-D4FC-4F35-9675-BCC9C7B068DD}.AppStore|ARM.Deploy.0 = AppStore|iPhone
		{7E215785-D4FC-4F35-9675-BCC9C7B068DD}.AppStore|iPhone.ActiveCfg = AppStore|iPhone
		{7E215785-D4FC-4F35-9675-BCC9C7B068DD}.AppStore|iPhone.Build.0 = AppStore|iPhone
		{7E215785-D4FC-4F35-9675-BCC9C7B068DD}.AppStore|iPhone.Deploy.0 = AppStore|iPhone
		{7E215785-D4FC-4F35-9675-BCC9C7B068DD}.AppStore|iPhoneSimulator.ActiveCfg = AppStore|iPhoneSimulator
		{7E215785-D4FC-4F35-9675-BCC9C7B068DD}.AppStore|iPhoneSimulator.Build.0 = AppStore|iPhoneSimulator
		{7E215785-D4FC-4F35-9675-BCC9C7B068DD}.AppStore|iPhoneSimulator.Deploy.0 = AppStore|iPhoneSimulator
		{7E215785-D4FC-4F35-9675-BCC9C7B068DD}.AppStore|x64.ActiveCfg = AppStore|iPhone
		{7E215785-D4FC-4F35-9675-BCC9C7B068DD}.AppStore|x64.Build.0 = AppStore|iPhone
		{7E215785-D4FC-4F35-9675-BCC9C7B068DD}.AppStore|x64.Deploy.0 = AppStore|iPhone
		{7E215785-D4FC-4F35-9675-BCC9C7B068DD}.AppStore|x86.ActiveCfg = AppStore|iPhone
		{7E215785-D4FC-4F35-9675-BCC9C7B068DD}.AppStore|x86.Build.0 = AppStore|iPhone
		{7E215785-D4FC-4F35-9675-BCC9C7B068DD}.AppStore|x86.Deploy.0 = AppStore|iPhone
		{7E215785-D4FC-4F35-9675-BCC9C7B068DD}.Debug|Any CPU.ActiveCfg = Debug|iPhone
		{7E215785-D4FC-4F35-9675-BCC9C7B068DD}.Debug|Any CPU.Build.0 = Debug|iPhone
		{7E215785-D4FC-4F35-9675-BCC9C7B068DD}.Debug|Any CPU.Deploy.0 = Debug|iPhone
		{7E215785-D4FC-4F35-9675-BCC9C7B068DD}.Debug|ARM.ActiveCfg = Debug|iPhoneSimulator
		{7E215785-D4FC-4F35-9675-BCC9C7B068DD}.Debug|ARM.Build.0 = Debug|iPhoneSimulator
		{7E215785-D4FC-4F35-9675-BCC9C7B068DD}.Debug|ARM.Deploy.0 = Debug|iPhoneSimulator
		{7E215785-D4FC-4F35-9675-BCC9C7B068DD}.Debug|iPhone.ActiveCfg = Debug|iPhone
		{7E215785-D4FC-4F35-9675-BCC9C7B068DD}.Debug|iPhone.Build.0 = Debug|iPhone
		{7E215785-D4FC-4F35-9675-BCC9C7B068DD}.Debug|iPhone.Deploy.0 = Debug|iPhone
		{7E215785-D4FC-4F35-9675-BCC9C7B068DD}.Debug|iPhoneSimulator.ActiveCfg = Debug|iPhoneSimulator
		{7E215785-D4FC-4F35-9675-BCC9C7B068DD}.Debug|iPhoneSimulator.Build.0 = Debug|iPhoneSimulator
		{7E215785-D4FC-4F35-9675-BCC9C7B068DD}.Debug|iPhoneSimulator.Deploy.0 = Debug|iPhoneSimulator
		{7E215785-D4FC-4F35-9675-BCC9C7B068DD}.Debug|x64.ActiveCfg = Debug|iPhone
		{7E215785-D4FC-4F35-9675-BCC9C7B068DD}.Debug|x64.Build.0 = Debug|iPhone
		{7E215785-D4FC-4F35-9675-BCC9C7B068DD}.Debug|x64.Deploy.0 = Debug|iPhone
		{7E215785-D4FC-4F35-9675-BCC9C7B068DD}.Debug|x86.ActiveCfg = Debug|iPhone
		{7E215785-D4FC-4F35-9675-BCC9C7B068DD}.Debug|x86.Build.0 = Debug|iPhone
		{7E215785-D4FC-4F35-9675-BCC9C7B068DD}.Debug|x86.Deploy.0 = Debug|iPhone
		{7E215785-D4FC-4F35-9675-BCC9C7B068DD}.Release|Any CPU.ActiveCfg = Release|iPhone
		{7E215785-D4FC-4F35-9675-BCC9C7B068DD}.Release|Any CPU.Build.0 = Release|iPhone
		{7E215785-D4FC-4F35-9675-BCC9C7B068DD}.Release|Any CPU.Deploy.0 = Release|iPhone
		{7E215785-D4FC-4F35-9675-BCC9C7B068DD}.Release|ARM.ActiveCfg = Release|iPhone
		{7E215785-D4FC-4F35-9675-BCC9C7B068DD}.Release|ARM.Build.0 = Release|iPhone
		{7E215785-D4FC-4F35-9675-BCC9C7B068DD}.Release|ARM.Deploy.0 = Release|iPhone
		{7E215785-D4FC-4F35-9675-BCC9C7B068DD}.Release|iPhone.ActiveCfg = Release|iPhone
		{7E215785-D4FC-4F35-9675-BCC9C7B068DD}.Release|iPhone.Build.0 = Release|iPhone
		{7E215785-D4FC-4F35-9675-BCC9C7B068DD}.Release|iPhone.Deploy.0 = Release|iPhone
		{7E215785-D4FC-4F35-9675-BCC9C7B068DD}.Release|iPhoneSimulator.ActiveCfg = Release|iPhoneSimulator
		{7E215785-D4FC-4F35-9675-BCC9C7B068DD}.Release|iPhoneSimulator.Build.0 = Release|iPhoneSimulator
		{7E215785-D4FC-4F35-9675-BCC9C7B068DD}.Release|iPhoneSimulator.Deploy.0 = Release|iPhoneSimulator
		{7E215785-D4FC-4F35-9675-BCC9C7B068DD}.Release|x64.ActiveCfg = Release|iPhone
		{7E215785-D4FC-4F35-9675-BCC9C7B068DD}.Release|x64.Build.0 = Release|iPhone
		{7E215785-D4FC-4F35-9675-BCC9C7B068DD}.Release|x64.Deploy.0 = Release|iPhone
		{7E215785-D4FC-4F35-9675-BCC9C7B068DD}.Release|x86.ActiveCfg = Release|iPhone
		{7E215785-D4FC-4F35-9675-BCC9C7B068DD}.Release|x86.Build.0 = Release|iPhone
		{7E215785-D4FC-4F35-9675-BCC9C7B068DD}.Release|x86.Deploy.0 = Release|iPhone
		{1074CC2D-E17A-4B71-B53C-E1B4CCBE024F}.Ad-Hoc|Any CPU.ActiveCfg = Debug|Any CPU
		{1074CC2D-E17A-4B71-B53C-E1B4CCBE024F}.Ad-Hoc|Any CPU.Build.0 = Debug|Any CPU
		{1074CC2D-E17A-4B71-B53C-E1B4CCBE024F}.Ad-Hoc|Any CPU.Deploy.0 = Debug|Any CPU
		{1074CC2D-E17A-4B71-B53C-E1B4CCBE024F}.Ad-Hoc|ARM.ActiveCfg = Debug|Any CPU
		{1074CC2D-E17A-4B71-B53C-E1B4CCBE024F}.Ad-Hoc|ARM.Build.0 = Debug|Any CPU
		{1074CC2D-E17A-4B71-B53C-E1B4CCBE024F}.Ad-Hoc|ARM.Deploy.0 = Debug|Any CPU
		{1074CC2D-E17A-4B71-B53C-E1B4CCBE024F}.Ad-Hoc|iPhone.ActiveCfg = Debug|Any CPU
		{1074CC2D-E17A-4B71-B53C-E1B4CCBE024F}.Ad-Hoc|iPhone.Build.0 = Debug|Any CPU
		{1074CC2D-E17A-4B71-B53C-E1B4CCBE024F}.Ad-Hoc|iPhone.Deploy.0 = Debug|Any CPU
		{1074CC2D-E17A-4B71-B53C-E1B4CCBE024F}.Ad-Hoc|iPhoneSimulator.ActiveCfg = Debug|Any CPU
		{1074CC2D-E17A-4B71-B53C-E1B4CCBE024F}.Ad-Hoc|iPhoneSimulator.Build.0 = Debug|Any CPU
		{1074CC2D-E17A-4B71-B53C-E1B4CCBE024F}.Ad-Hoc|iPhoneSimulator.Deploy.0 = Debug|Any CPU
		{1074CC2D-E17A-4B71-B53C-E1B4CCBE024F}.Ad-Hoc|x64.ActiveCfg = Debug|Any CPU
		{1074CC2D-E17A-4B71-B53C-E1B4CCBE024F}.Ad-Hoc|x64.Build.0 = Debug|Any CPU
		{1074CC2D-E17A-4B71-B53C-E1B4CCBE024F}.Ad-Hoc|x64.Deploy.0 = Debug|Any CPU
		{1074CC2D-E17A-4B71-B53C-E1B4CCBE024F}.Ad-Hoc|x86.ActiveCfg = Debug|Any CPU
		{1074CC2D-E17A-4B71-B53C-E1B4CCBE024F}.Ad-Hoc|x86.Build.0 = Debug|Any CPU
		{1074CC2D-E17A-4B71-B53C-E1B4CCBE024F}.Ad-Hoc|x86.Deploy.0 = Debug|Any CPU
		{1074CC2D-E17A-4B71-B53C-E1B4CCBE024F}.AppStore|Any CPU.ActiveCfg = Debug|Any CPU
		{1074CC2D-E17A-4B71-B53C-E1B4CCBE024F}.AppStore|Any CPU.Build.0 = Debug|Any CPU
		{1074CC2D-E17A-4B71-B53C-E1B4CCBE024F}.AppStore|Any CPU.Deploy.0 = Debug|Any CPU
		{1074CC2D-E17A-4B71-B53C-E1B4CCBE024F}.AppStore|ARM.ActiveCfg = Debug|Any CPU
		{1074CC2D-E17A-4B71-B53C-E1B4CCBE024F}.AppStore|ARM.Build.0 = Debug|Any CPU
		{1074CC2D-E17A-4B71-B53C-E1B4CCBE024F}.AppStore|ARM.Deploy.0 = Debug|Any CPU
		{1074CC2D-E17A-4B71-B53C-E1B4CCBE024F}.AppStore|iPhone.ActiveCfg = Debug|Any CPU
		{1074CC2D-E17A-4B71-B53C-E1B4CCBE024F}.AppStore|iPhone.Build.0 = Debug|Any CPU
		{1074CC2D-E17A-4B71-B53C-E1B4CCBE024F}.AppStore|iPhone.Deploy.0 = Debug|Any CPU
		{1074CC2D-E17A-4B71-B53C-E1B4CCBE024F}.AppStore|iPhoneSimulator.ActiveCfg = Debug|Any CPU
		{1074CC2D-E17A-4B71-B53C-E1B4CCBE024F}.AppStore|iPhoneSimulator.Build.0 = Debug|Any CPU
		{1074CC2D-E17A-4B71-B53C-E1B4CCBE024F}.AppStore|iPhoneSimulator.Deploy.0 = Debug|Any CPU
		{1074CC2D-E17A-4B71-B53C-E1B4CCBE024F}.AppStore|x64.ActiveCfg = Debug|Any CPU
		{1074CC2D-E17A-4B71-B53C-E1B4CCBE024F}.AppStore|x64.Build.0 = Debug|Any CPU
		{1074CC2D-E17A-4B71-B53C-E1B4CCBE024F}.AppStore|x64.Deploy.0 = Debug|Any CPU
		{1074CC2D-E17A-4B71-B53C-E1B4CCBE024F}.AppStore|x86.ActiveCfg = Debug|Any CPU
		{1074CC2D-E17A-4B71-B53C-E1B4CCBE024F}.AppStore|x86.Build.0 = Debug|Any CPU
		{1074CC2D-E17A-4B71-B53C-E1B4CCBE024F}.AppStore|x86.Deploy.0 = Debug|Any CPU
		{1074CC2D-E17A-4B71-B53C-E1B4CCBE024F}.Debug|Any CPU.ActiveCfg = Debug|Any CPU
		{1074CC2D-E17A-4B71-B53C-E1B4CCBE024F}.Debug|Any CPU.Build.0 = Debug|Any CPU
		{1074CC2D-E17A-4B71-B53C-E1B4CCBE024F}.Debug|Any CPU.Deploy.0 = Debug|Any CPU
		{1074CC2D-E17A-4B71-B53C-E1B4CCBE024F}.Debug|ARM.ActiveCfg = Debug|Any CPU
		{1074CC2D-E17A-4B71-B53C-E1B4CCBE024F}.Debug|ARM.Build.0 = Debug|Any CPU
		{1074CC2D-E17A-4B71-B53C-E1B4CCBE024F}.Debug|ARM.Deploy.0 = Debug|Any CPU
		{1074CC2D-E17A-4B71-B53C-E1B4CCBE024F}.Debug|iPhone.ActiveCfg = Debug|Any CPU
		{1074CC2D-E17A-4B71-B53C-E1B4CCBE024F}.Debug|iPhone.Build.0 = Debug|Any CPU
		{1074CC2D-E17A-4B71-B53C-E1B4CCBE024F}.Debug|iPhone.Deploy.0 = Debug|Any CPU
		{1074CC2D-E17A-4B71-B53C-E1B4CCBE024F}.Debug|iPhoneSimulator.ActiveCfg = Debug|Any CPU
		{1074CC2D-E17A-4B71-B53C-E1B4CCBE024F}.Debug|iPhoneSimulator.Build.0 = Debug|Any CPU
		{1074CC2D-E17A-4B71-B53C-E1B4CCBE024F}.Debug|iPhoneSimulator.Deploy.0 = Debug|Any CPU
		{1074CC2D-E17A-4B71-B53C-E1B4CCBE024F}.Debug|x64.ActiveCfg = Debug|Any CPU
		{1074CC2D-E17A-4B71-B53C-E1B4CCBE024F}.Debug|x64.Build.0 = Debug|Any CPU
		{1074CC2D-E17A-4B71-B53C-E1B4CCBE024F}.Debug|x64.Deploy.0 = Debug|Any CPU
		{1074CC2D-E17A-4B71-B53C-E1B4CCBE024F}.Debug|x86.ActiveCfg = Debug|Any CPU
		{1074CC2D-E17A-4B71-B53C-E1B4CCBE024F}.Debug|x86.Build.0 = Debug|Any CPU
		{1074CC2D-E17A-4B71-B53C-E1B4CCBE024F}.Debug|x86.Deploy.0 = Debug|Any CPU
		{1074CC2D-E17A-4B71-B53C-E1B4CCBE024F}.Release|Any CPU.ActiveCfg = Release|Any CPU
		{1074CC2D-E17A-4B71-B53C-E1B4CCBE024F}.Release|Any CPU.Build.0 = Release|Any CPU
		{1074CC2D-E17A-4B71-B53C-E1B4CCBE024F}.Release|Any CPU.Deploy.0 = Release|Any CPU
		{1074CC2D-E17A-4B71-B53C-E1B4CCBE024F}.Release|ARM.ActiveCfg = Release|Any CPU
		{1074CC2D-E17A-4B71-B53C-E1B4CCBE024F}.Release|ARM.Build.0 = Release|Any CPU
		{1074CC2D-E17A-4B71-B53C-E1B4CCBE024F}.Release|ARM.Deploy.0 = Release|Any CPU
		{1074CC2D-E17A-4B71-B53C-E1B4CCBE024F}.Release|iPhone.ActiveCfg = Release|Any CPU
		{1074CC2D-E17A-4B71-B53C-E1B4CCBE024F}.Release|iPhone.Build.0 = Release|Any CPU
		{1074CC2D-E17A-4B71-B53C-E1B4CCBE024F}.Release|iPhone.Deploy.0 = Release|Any CPU
		{1074CC2D-E17A-4B71-B53C-E1B4CCBE024F}.Release|iPhoneSimulator.ActiveCfg = Release|Any CPU
		{1074CC2D-E17A-4B71-B53C-E1B4CCBE024F}.Release|iPhoneSimulator.Build.0 = Release|Any CPU
		{1074CC2D-E17A-4B71-B53C-E1B4CCBE024F}.Release|iPhoneSimulator.Deploy.0 = Release|Any CPU
		{1074CC2D-E17A-4B71-B53C-E1B4CCBE024F}.Release|x64.ActiveCfg = Release|Any CPU
		{1074CC2D-E17A-4B71-B53C-E1B4CCBE024F}.Release|x64.Build.0 = Release|Any CPU
		{1074CC2D-E17A-4B71-B53C-E1B4CCBE024F}.Release|x64.Deploy.0 = Release|Any CPU
		{1074CC2D-E17A-4B71-B53C-E1B4CCBE024F}.Release|x86.ActiveCfg = Release|Any CPU
		{1074CC2D-E17A-4B71-B53C-E1B4CCBE024F}.Release|x86.Build.0 = Release|Any CPU
		{1074CC2D-E17A-4B71-B53C-E1B4CCBE024F}.Release|x86.Deploy.0 = Release|Any CPU
	EndGlobalSection
	GlobalSection(SolutionProperties) = preSolution
		HideSolutionNode = FALSE
	EndGlobalSection
	GlobalSection(ExtensibilityGlobals) = postSolution
		SolutionGuid = {56B55468-ACF0-4F2C-A4FA-14B5328ABB01}
	EndGlobalSection
EndGlobal
