
Microsoft Visual Studio Solution File, Format Version 12.00
# Visual Studio Version 16
VisualStudioVersion = 16.0.28315.86
MinimumVisualStudioVersion = 10.0.40219.1
Project("{FAE04EC0-301F-11D3-BF4B-00C04F79EFBC}") = "NCCHub.Android", "NCCHub\NCCHub.Android\NCCHub.Android.csproj", "{F9AD2BBB-BA4B-4381-B207-034E33892AFC}"
EndProject
Project("{FAE04EC0-301F-11D3-BF4B-00C04F79EFBC}") = "NCCHub.iOS", "NCCHub\NCCHub.iOS\NCCHub.iOS.csproj", "{26141E4B-D820-47EE-9AB4-F83C396406E7}"
EndProject
Project("{FAE04EC0-301F-11D3-BF4B-00C04F79EFBC}") = "NCCHub", "NCCHub\NCCHub\NCCHub.csproj", "{AC36BEAD-9297-4BFD-AA6F-92FEE5220034}"
EndProject
Global
	GlobalSection(SolutionConfigurationPlatforms) = preSolution
		Ad-Hoc|Any CPU = Ad-Hoc|Any CPU
		Ad-Hoc|iPhone = Ad-Hoc|iPhone
		Ad-Hoc|iPhoneSimulator = Ad-Hoc|iPhoneSimulator
		AppStore|Any CPU = AppStore|Any CPU
		AppStore|iPhone = AppStore|iPhone
		AppStore|iPhoneSimulator = AppStore|iPhoneSimulator
		Debug|Any CPU = Debug|Any CPU
		Debug|iPhone = Debug|iPhone
		Debug|iPhoneSimulator = Debug|iPhoneSimulator
		Release|Any CPU = Release|Any CPU
		Release|iPhone = Release|iPhone
		Release|iPhoneSimulator = Release|iPhoneSimulator
	EndGlobalSection
	GlobalSection(ProjectConfigurationPlatforms) = postSolution
		{F9AD2BBB-BA4B-4381-B207-034E33892AFC}.Ad-Hoc|Any CPU.ActiveCfg = Release|Any CPU
		{F9AD2BBB-BA4B-4381-B207-034E33892AFC}.Ad-Hoc|Any CPU.Build.0 = Release|Any CPU
		{F9AD2BBB-BA4B-4381-B207-034E33892AFC}.Ad-Hoc|Any CPU.Deploy.0 = Release|Any CPU
		{F9AD2BBB-BA4B-4381-B207-034E33892AFC}.Ad-Hoc|iPhone.ActiveCfg = Release|Any CPU
		{F9AD2BBB-BA4B-4381-B207-034E33892AFC}.Ad-Hoc|iPhone.Build.0 = Release|Any CPU
		{F9AD2BBB-BA4B-4381-B207-034E33892AFC}.Ad-Hoc|iPhone.Deploy.0 = Release|Any CPU
		{F9AD2BBB-BA4B-4381-B207-034E33892AFC}.Ad-Hoc|iPhoneSimulator.ActiveCfg = Release|Any CPU
		{F9AD2BBB-BA4B-4381-B207-034E33892AFC}.Ad-Hoc|iPhoneSimulator.Build.0 = Release|Any CPU
		{F9AD2BBB-BA4B-4381-B207-034E33892AFC}.Ad-Hoc|iPhoneSimulator.Deploy.0 = Release|Any CPU
		{F9AD2BBB-BA4B-4381-B207-034E33892AFC}.AppStore|Any CPU.ActiveCfg = Release|Any CPU
		{F9AD2BBB-BA4B-4381-B207-034E33892AFC}.AppStore|Any CPU.Build.0 = Release|Any CPU
		{F9AD2BBB-BA4B-4381-B207-034E33892AFC}.AppStore|Any CPU.Deploy.0 = Release|Any CPU
		{F9AD2BBB-BA4B-4381-B207-034E33892AFC}.AppStore|iPhone.ActiveCfg = Release|Any CPU
		{F9AD2BBB-BA4B-4381-B207-034E33892AFC}.AppStore|iPhone.Build.0 = Release|Any CPU
		{F9AD2BBB-BA4B-4381-B207-034E33892AFC}.AppStore|iPhone.Deploy.0 = Release|Any CPU
		{F9AD2BBB-BA4B-4381-B207-034E33892AFC}.AppStore|iPhoneSimulator.ActiveCfg = Release|Any CPU
		{F9AD2BBB-BA4B-4381-B207-034E33892AFC}.AppStore|iPhoneSimulator.Build.0 = Release|Any CPU
		{F9AD2BBB-BA4B-4381-B207-034E33892AFC}.AppStore|iPhoneSimulator.Deploy.0 = Release|Any CPU
		{F9AD2BBB-BA4B-4381-B207-034E33892AFC}.Debug|Any CPU.ActiveCfg = Debug|Any CPU
		{F9AD2BBB-BA4B-4381-B207-034E33892AFC}.Debug|Any CPU.Build.0 = Debug|Any CPU
		{F9AD2BBB-BA4B-4381-B207-034E33892AFC}.Debug|Any CPU.Deploy.0 = Debug|Any CPU
		{F9AD2BBB-BA4B-4381-B207-034E33892AFC}.Debug|iPhone.ActiveCfg = Debug|Any CPU
		{F9AD2BBB-BA4B-4381-B207-034E33892AFC}.Debug|iPhone.Build.0 = Debug|Any CPU
		{F9AD2BBB-BA4B-4381-B207-034E33892AFC}.Debug|iPhone.Deploy.0 = Debug|Any CPU
		{F9AD2BBB-BA4B-4381-B207-034E33892AFC}.Debug|iPhoneSimulator.ActiveCfg = Debug|Any CPU
		{F9AD2BBB-BA4B-4381-B207-034E33892AFC}.Debug|iPhoneSimulator.Build.0 = Debug|Any CPU
		{F9AD2BBB-BA4B-4381-B207-034E33892AFC}.Debug|iPhoneSimulator.Deploy.0 = Debug|Any CPU
		{F9AD2BBB-BA4B-4381-B207-034E33892AFC}.Release|Any CPU.ActiveCfg = Release|Any CPU
		{F9AD2BBB-BA4B-4381-B207-034E33892AFC}.Release|Any CPU.Build.0 = Release|Any CPU
		{F9AD2BBB-BA4B-4381-B207-034E33892AFC}.Release|Any CPU.Deploy.0 = Release|Any CPU
		{F9AD2BBB-BA4B-4381-B207-034E33892AFC}.Release|iPhone.ActiveCfg = Release|Any CPU
		{F9AD2BBB-BA4B-4381-B207-034E33892AFC}.Release|iPhone.Build.0 = Release|Any CPU
		{F9AD2BBB-BA4B-4381-B207-034E33892AFC}.Release|iPhone.Deploy.0 = Release|Any CPU
		{F9AD2BBB-BA4B-4381-B207-034E33892AFC}.Release|iPhoneSimulator.ActiveCfg = Release|Any CPU
		{F9AD2BBB-BA4B-4381-B207-034E33892AFC}.Release|iPhoneSimulator.Build.0 = Release|Any CPU
		{F9AD2BBB-BA4B-4381-B207-034E33892AFC}.Release|iPhoneSimulator.Deploy.0 = Release|Any CPU
		{26141E4B-D820-47EE-9AB4-F83C396406E7}.Ad-Hoc|Any CPU.ActiveCfg = Ad-Hoc|iPhone
		{26141E4B-D820-47EE-9AB4-F83C396406E7}.Ad-Hoc|Any CPU.Build.0 = Ad-Hoc|iPhone
		{26141E4B-D820-47EE-9AB4-F83C396406E7}.Ad-Hoc|Any CPU.Deploy.0 = Ad-Hoc|iPhone
		{26141E4B-D820-47EE-9AB4-F83C396406E7}.Ad-Hoc|iPhone.ActiveCfg = Ad-Hoc|iPhone
		{26141E4B-D820-47EE-9AB4-F83C396406E7}.Ad-Hoc|iPhone.Build.0 = Ad-Hoc|iPhone
		{26141E4B-D820-47EE-9AB4-F83C396406E7}.Ad-Hoc|iPhone.Deploy.0 = Ad-Hoc|iPhone
		{26141E4B-D820-47EE-9AB4-F83C396406E7}.Ad-Hoc|iPhoneSimulator.ActiveCfg = Ad-Hoc|iPhoneSimulator
		{26141E4B-D820-47EE-9AB4-F83C396406E7}.Ad-Hoc|iPhoneSimulator.Build.0 = Ad-Hoc|iPhoneSimulator
		{26141E4B-D820-47EE-9AB4-F83C396406E7}.Ad-Hoc|iPhoneSimulator.Deploy.0 = Ad-Hoc|iPhoneSimulator
		{26141E4B-D820-47EE-9AB4-F83C396406E7}.AppStore|Any CPU.ActiveCfg = AppStore|iPhone
		{26141E4B-D820-47EE-9AB4-F83C396406E7}.AppStore|Any CPU.Build.0 = AppStore|iPhone
		{26141E4B-D820-47EE-9AB4-F83C396406E7}.AppStore|Any CPU.Deploy.0 = AppStore|iPhone
		{26141E4B-D820-47EE-9AB4-F83C396406E7}.AppStore|iPhone.ActiveCfg = AppStore|iPhone
		{26141E4B-D820-47EE-9AB4-F83C396406E7}.AppStore|iPhone.Build.0 = AppStore|iPhone
		{26141E4B-D820-47EE-9AB4-F83C396406E7}.AppStore|iPhone.Deploy.0 = AppStore|iPhone
		{26141E4B-D820-47EE-9AB4-F83C396406E7}.AppStore|iPhoneSimulator.ActiveCfg = AppStore|iPhoneSimulator
		{26141E4B-D820-47EE-9AB4-F83C396406E7}.AppStore|iPhoneSimulator.Build.0 = AppStore|iPhoneSimulator
		{26141E4B-D820-47EE-9AB4-F83C396406E7}.AppStore|iPhoneSimulator.Deploy.0 = AppStore|iPhoneSimulator
		{26141E4B-D820-47EE-9AB4-F83C396406E7}.Debug|Any CPU.ActiveCfg = Debug|iPhoneSimulator
		{26141E4B-D820-47EE-9AB4-F83C396406E7}.Debug|Any CPU.Build.0 = Debug|iPhoneSimulator
		{26141E4B-D820-47EE-9AB4-F83C396406E7}.Debug|Any CPU.Deploy.0 = Debug|iPhoneSimulator
		{26141E4B-D820-47EE-9AB4-F83C396406E7}.Debug|iPhone.ActiveCfg = Debug|iPhone
		{26141E4B-D820-47EE-9AB4-F83C396406E7}.Debug|iPhone.Build.0 = Debug|iPhone
		{26141E4B-D820-47EE-9AB4-F83C396406E7}.Debug|iPhone.Deploy.0 = Debug|iPhone
		{26141E4B-D820-47EE-9AB4-F83C396406E7}.Debug|iPhoneSimulator.ActiveCfg = Debug|iPhoneSimulator
		{26141E4B-D820-47EE-9AB4-F83C396406E7}.Debug|iPhoneSimulator.Build.0 = Debug|iPhoneSimulator
		{26141E4B-D820-47EE-9AB4-F83C396406E7}.Debug|iPhoneSimulator.Deploy.0 = Debug|iPhoneSimulator
		{26141E4B-D820-47EE-9AB4-F83C396406E7}.Release|Any CPU.ActiveCfg = Release|iPhone
		{26141E4B-D820-47EE-9AB4-F83C396406E7}.Release|Any CPU.Build.0 = Release|iPhone
		{26141E4B-D820-47EE-9AB4-F83C396406E7}.Release|Any CPU.Deploy.0 = Release|iPhone
		{26141E4B-D820-47EE-9AB4-F83C396406E7}.Release|iPhone.ActiveCfg = Release|iPhone
		{26141E4B-D820-47EE-9AB4-F83C396406E7}.Release|iPhone.Build.0 = Release|iPhone
		{26141E4B-D820-47EE-9AB4-F83C396406E7}.Release|iPhone.Deploy.0 = Release|iPhone
		{26141E4B-D820-47EE-9AB4-F83C396406E7}.Release|iPhoneSimulator.ActiveCfg = Release|iPhoneSimulator
		{26141E4B-D820-47EE-9AB4-F83C396406E7}.Release|iPhoneSimulator.Build.0 = Release|iPhoneSimulator
		{26141E4B-D820-47EE-9AB4-F83C396406E7}.Release|iPhoneSimulator.Deploy.0 = Release|iPhoneSimulator
		{AC36BEAD-9297-4BFD-AA6F-92FEE5220034}.Ad-Hoc|Any CPU.ActiveCfg = Debug|Any CPU
		{AC36BEAD-9297-4BFD-AA6F-92FEE5220034}.Ad-Hoc|Any CPU.Build.0 = Debug|Any CPU
		{AC36BEAD-9297-4BFD-AA6F-92FEE5220034}.Ad-Hoc|Any CPU.Deploy.0 = Debug|Any CPU
		{AC36BEAD-9297-4BFD-AA6F-92FEE5220034}.Ad-Hoc|iPhone.ActiveCfg = Debug|Any CPU
		{AC36BEAD-9297-4BFD-AA6F-92FEE5220034}.Ad-Hoc|iPhone.Build.0 = Debug|Any CPU
		{AC36BEAD-9297-4BFD-AA6F-92FEE5220034}.Ad-Hoc|iPhone.Deploy.0 = Debug|Any CPU
		{AC36BEAD-9297-4BFD-AA6F-92FEE5220034}.Ad-Hoc|iPhoneSimulator.ActiveCfg = Debug|Any CPU
		{AC36BEAD-9297-4BFD-AA6F-92FEE5220034}.Ad-Hoc|iPhoneSimulator.Build.0 = Debug|Any CPU
		{AC36BEAD-9297-4BFD-AA6F-92FEE5220034}.Ad-Hoc|iPhoneSimulator.Deploy.0 = Debug|Any CPU
		{AC36BEAD-9297-4BFD-AA6F-92FEE5220034}.AppStore|Any CPU.ActiveCfg = Debug|Any CPU
		{AC36BEAD-9297-4BFD-AA6F-92FEE5220034}.AppStore|Any CPU.Build.0 = Debug|Any CPU
		{AC36BEAD-9297-4BFD-AA6F-92FEE5220034}.AppStore|Any CPU.Deploy.0 = Debug|Any CPU
		{AC36BEAD-9297-4BFD-AA6F-92FEE5220034}.AppStore|iPhone.ActiveCfg = Debug|Any CPU
		{AC36BEAD-9297-4BFD-AA6F-92FEE5220034}.AppStore|iPhone.Build.0 = Debug|Any CPU
		{AC36BEAD-9297-4BFD-AA6F-92FEE5220034}.AppStore|iPhone.Deploy.0 = Debug|Any CPU
		{AC36BEAD-9297-4BFD-AA6F-92FEE5220034}.AppStore|iPhoneSimulator.ActiveCfg = Debug|Any CPU
		{AC36BEAD-9297-4BFD-AA6F-92FEE5220034}.AppStore|iPhoneSimulator.Build.0 = Debug|Any CPU
		{AC36BEAD-9297-4BFD-AA6F-92FEE5220034}.AppStore|iPhoneSimulator.Deploy.0 = Debug|Any CPU
		{AC36BEAD-9297-4BFD-AA6F-92FEE5220034}.Debug|Any CPU.ActiveCfg = Debug|Any CPU
		{AC36BEAD-9297-4BFD-AA6F-92FEE5220034}.Debug|Any CPU.Build.0 = Debug|Any CPU
		{AC36BEAD-9297-4BFD-AA6F-92FEE5220034}.Debug|Any CPU.Deploy.0 = Debug|Any CPU
		{AC36BEAD-9297-4BFD-AA6F-92FEE5220034}.Debug|iPhone.ActiveCfg = Debug|Any CPU
		{AC36BEAD-9297-4BFD-AA6F-92FEE5220034}.Debug|iPhone.Build.0 = Debug|Any CPU
		{AC36BEAD-9297-4BFD-AA6F-92FEE5220034}.Debug|iPhone.Deploy.0 = Debug|Any CPU
		{AC36BEAD-9297-4BFD-AA6F-92FEE5220034}.Debug|iPhoneSimulator.ActiveCfg = Debug|Any CPU
		{AC36BEAD-9297-4BFD-AA6F-92FEE5220034}.Debug|iPhoneSimulator.Build.0 = Debug|Any CPU
		{AC36BEAD-9297-4BFD-AA6F-92FEE5220034}.Debug|iPhoneSimulator.Deploy.0 = Debug|Any CPU
		{AC36BEAD-9297-4BFD-AA6F-92FEE5220034}.Release|Any CPU.ActiveCfg = Release|Any CPU
		{AC36BEAD-9297-4BFD-AA6F-92FEE5220034}.Release|Any CPU.Build.0 = Release|Any CPU
		{AC36BEAD-9297-4BFD-AA6F-92FEE5220034}.Release|Any CPU.Deploy.0 = Release|Any CPU
		{AC36BEAD-9297-4BFD-AA6F-92FEE5220034}.Release|iPhone.ActiveCfg = Release|Any CPU
		{AC36BEAD-9297-4BFD-AA6F-92FEE5220034}.Release|iPhone.Build.0 = Release|Any CPU
		{AC36BEAD-9297-4BFD-AA6F-92FEE5220034}.Release|iPhone.Deploy.0 = Release|Any CPU
		{AC36BEAD-9297-4BFD-AA6F-92FEE5220034}.Release|iPhoneSimulator.ActiveCfg = Release|Any CPU
		{AC36BEAD-9297-4BFD-AA6F-92FEE5220034}.Release|iPhoneSimulator.Build.0 = Release|Any CPU
		{AC36BEAD-9297-4BFD-AA6F-92FEE5220034}.Release|iPhoneSimulator.Deploy.0 = Release|Any CPU
	EndGlobalSection
	GlobalSection(SolutionProperties) = preSolution
		HideSolutionNode = FALSE
	EndGlobalSection
	GlobalSection(ExtensibilityGlobals) = postSolution
		SolutionGuid = {EA96AE35-136C-4513-A450-DC3168B33CFD}
	EndGlobalSection
EndGlobal
